
Microsoft Visual Studio Solution File, Format Version 12.00
# Visual Studio Version 17
VisualStudioVersion = 17.4.33122.133
MinimumVisualStudioVersion = 10.0.40219.1
Project("{8BC9CEB8-8B4A-11D0-8D11-00A0C91BC942}") = "GPA_With_C++", "GPA_With_C++\GPA_With_C++.vcxproj", "{4D6A8D41-5F70-48C9-B0A7-00C49516293E}"
EndProject
Global
	GlobalSection(SolutionConfigurationPlatforms) = preSolution
		Debug|x64 = Debug|x64
		Debug|x86 = Debug|x86
		Release|x64 = Release|x64
		Release|x86 = Release|x86
	EndGlobalSection
	GlobalSection(ProjectConfigurationPlatforms) = postSolution
		{4D6A8D41-5F70-48C9-B0A7-00C49516293E}.Debug|x64.ActiveCfg = Debug|x64
		{4D6A8D41-5F70-48C9-B0A7-00C49516293E}.Debug|x64.Build.0 = Debug|x64
		{4D6A8D41-5F70-48C9-B0A7-00C49516293E}.Debug|x86.ActiveCfg = Debug|Win32
		{4D6A8D41-5F70-48C9-B0A7-00C49516293E}.Debug|x86.Build.0 = Debug|Win32
		{4D6A8D41-5F70-48C9-B0A7-00C49516293E}.Release|x64.ActiveCfg = Release|x64
		{4D6A8D41-5F70-48C9-B0A7-00C49516293E}.Release|x64.Build.0 = Release|x64
		{4D6A8D41-5F70-48C9-B0A7-00C49516293E}.Release|x86.ActiveCfg = Release|Win32
		{4D6A8D41-5F70-48C9-B0A7-00C49516293E}.Release|x86.Build.0 = Release|Win32
	EndGlobalSection
	GlobalSection(SolutionProperties) = preSolution
		HideSolutionNode = FALSE
	EndGlobalSection
	GlobalSection(ExtensibilityGlobals) = postSolution
		SolutionGuid = {B325189F-4E16-48AD-BAA0-FED973029E88}
	EndGlobalSection
EndGlobal
